
Microsoft Visual Studio Solution File, Format Version 12.00
# Visual Studio 15
VisualStudioVersion = 15.0.28307.852
MinimumVisualStudioVersion = 10.0.40219.1
Project("{FAE04EC0-301F-11D3-BF4B-00C04F79EFBC}") = "GlazedForms", "GlazedForms\GlazedForms.csproj", "{F2060736-05F1-4CAA-A1C3-64E15A884958}"
EndProject
Global
	GlobalSection(SolutionConfigurationPlatforms) = preSolution
		Debug|Any CPU = Debug|Any CPU
		Release|Any CPU = Release|Any CPU
	EndGlobalSection
	GlobalSection(ProjectConfigurationPlatforms) = postSolution
		{F2060736-05F1-4CAA-A1C3-64E15A884958}.Debug|Any CPU.ActiveCfg = Debug|Any CPU
		{F2060736-05F1-4CAA-A1C3-64E15A884958}.Debug|Any CPU.Build.0 = Debug|Any CPU
		{F2060736-05F1-4CAA-A1C3-64E15A884958}.Release|Any CPU.ActiveCfg = Release|Any CPU
		{F2060736-05F1-4CAA-A1C3-64E15A884958}.Release|Any CPU.Build.0 = Release|Any CPU
	EndGlobalSection
	GlobalSection(SolutionProperties) = preSolution
		HideSolutionNode = FALSE
	EndGlobalSection
	GlobalSection(ExtensibilityGlobals) = postSolution
		SolutionGuid = {8BC4E449-1AFF-490C-B164-1D082ED3649C}
	EndGlobalSection
EndGlobal
